
Microsoft Visual Studio Solution File, Format Version 12.00
# Visual Studio Version 17
VisualStudioVersion = 17.2.32526.322
MinimumVisualStudioVersion = 10.0.40219.1
Project("{FAE04EC0-301F-11D3-BF4B-00C04F79EFBC}") = "Exceptions", "Exceptions\Exceptions.csproj", "{7DD8906D-4CE4-46E3-A81A-AE68292B56EA}"
EndProject
Global
	GlobalSection(SolutionConfigurationPlatforms) = preSolution
		Debug|Any CPU = Debug|Any CPU
		Release|Any CPU = Release|Any CPU
	EndGlobalSection
	GlobalSection(ProjectConfigurationPlatforms) = postSolution
		{7DD8906D-4CE4-46E3-A81A-AE68292B56EA}.Debug|Any CPU.ActiveCfg = Debug|Any CPU
		{7DD8906D-4CE4-46E3-A81A-AE68292B56EA}.Debug|Any CPU.Build.0 = Debug|Any CPU
		{7DD8906D-4CE4-46E3-A81A-AE68292B56EA}.Release|Any CPU.ActiveCfg = Release|Any CPU
		{7DD8906D-4CE4-46E3-A81A-AE68292B56EA}.Release|Any CPU.Build.0 = Release|Any CPU
	EndGlobalSection
	GlobalSection(SolutionProperties) = preSolution
		HideSolutionNode = FALSE
	EndGlobalSection
	GlobalSection(ExtensibilityGlobals) = postSolution
		SolutionGuid = {6E4B8D6F-BF35-42A4-994E-4B6951A15DDB}
	EndGlobalSection
EndGlobal
